
Microsoft Visual Studio Solution File, Format Version 12.00
# Visual Studio 2013
VisualStudioVersion = 12.0.30723.0
MinimumVisualStudioVersion = 10.0.40219.1
Project("{FAE04EC0-301F-11D3-BF4B-00C04F79EFBC}") = "Uber Windows API", "Uber Windows API.csproj", "{A50624F1-2B43-4DFC-BE06-3C161127A5F1}"
EndProject
Project("{2150E333-8FDC-42A3-9474-1A3956D46DE8}") = "UWAPI Consumer", "UWAPI Consumer", "{C566DD6D-7C07-4ACB-A261-D6F8D0B55B0D}"
EndProject
Project("{D954291E-2A0B-460D-934E-DC6B0785DB48}") = "UWAPI Consumer.Shared", "..\UWAPI Consumer\UWAPI Consumer.Shared\UWAPI Consumer.Shared.shproj", "{38DD48CC-4E37-4699-9B3D-B360947127E2}"
EndProject
Project("{FAE04EC0-301F-11D3-BF4B-00C04F79EFBC}") = "UWAPI Consumer.Windows", "..\UWAPI Consumer\UWAPI Consumer.Windows\UWAPI Consumer.Windows.csproj", "{D4DFE1B4-CCC9-4B96-8A06-C0DBAFBD8DBC}"
EndProject
Project("{FAE04EC0-301F-11D3-BF4B-00C04F79EFBC}") = "UWAPI Consumer.WindowsPhone", "..\UWAPI Consumer\UWAPI Consumer.WindowsPhone\UWAPI Consumer.WindowsPhone.csproj", "{5AE156BF-8669-4D07-847E-B4AF98AF52DC}"
EndProject
Project("{2150E333-8FDC-42A3-9474-1A3956D46DE8}") = "SharedApp", "SharedApp", "{4BEF3DF7-8006-4216-9527-DA90D58CC325}"
EndProject
Project("{D954291E-2A0B-460D-934E-DC6B0785DB48}") = "BlankSharedApp1.Shared", "BlankSharedApp1\BlankSharedApp1.Shared\BlankSharedApp1.Shared.shproj", "{76673857-9D52-4CD5-9D26-06817AE73591}"
EndProject
Project("{262852C6-CD72-467D-83FE-5EEB1973A190}") = "BlankSharedApp1.Windows", "BlankSharedApp1\BlankSharedApp1.Windows\BlankSharedApp1.Windows.jsproj", "{F3F53AF0-6629-4546-8107-D7F65B84E1B3}"
EndProject
Project("{262852C6-CD72-467D-83FE-5EEB1973A190}") = "BlankSharedApp1.WindowsPhone", "BlankSharedApp1\BlankSharedApp1.WindowsPhone\BlankSharedApp1.WindowsPhone.jsproj", "{542590E0-BE80-46D6-BAD3-FFF4A24DB398}"
EndProject
Global
	GlobalSection(SharedMSBuildProjectFiles) = preSolution
		..\UWAPI Consumer\UWAPI Consumer.Shared\UWAPI Consumer.Shared.projitems*{38dd48cc-4e37-4699-9b3d-b360947127e2}*SharedItemsImports = 13
		..\UWAPI Consumer\UWAPI Consumer.Shared\UWAPI Consumer.Shared.projitems*{d4dfe1b4-ccc9-4b96-8a06-c0dbafbd8dbc}*SharedItemsImports = 4
		BlankSharedApp1\BlankSharedApp1.Shared\BlankSharedApp1.Shared.projitems*{76673857-9d52-4cd5-9d26-06817ae73591}*SharedItemsImports = 13
		BlankSharedApp1\BlankSharedApp1.Shared\BlankSharedApp1.Shared.projitems*{542590e0-be80-46d6-bad3-fff4a24db398}*SharedItemsImports = 5
		BlankSharedApp1\BlankSharedApp1.Shared\BlankSharedApp1.Shared.projitems*{f3f53af0-6629-4546-8107-d7f65b84e1b3}*SharedItemsImports = 5
		..\UWAPI Consumer\UWAPI Consumer.Shared\UWAPI Consumer.Shared.projitems*{5ae156bf-8669-4d07-847e-b4af98af52dc}*SharedItemsImports = 4
	EndGlobalSection
	GlobalSection(SolutionConfigurationPlatforms) = preSolution
		Debug|Any CPU = Debug|Any CPU
		Debug|ARM = Debug|ARM
		Debug|x64 = Debug|x64
		Debug|x86 = Debug|x86
		Release|Any CPU = Release|Any CPU
		Release|ARM = Release|ARM
		Release|x64 = Release|x64
		Release|x86 = Release|x86
	EndGlobalSection
	GlobalSection(ProjectConfigurationPlatforms) = postSolution
		{A50624F1-2B43-4DFC-BE06-3C161127A5F1}.Debug|Any CPU.ActiveCfg = Debug|Any CPU
		{A50624F1-2B43-4DFC-BE06-3C161127A5F1}.Debug|Any CPU.Build.0 = Debug|Any CPU
		{A50624F1-2B43-4DFC-BE06-3C161127A5F1}.Debug|ARM.ActiveCfg = Debug|Any CPU
		{A50624F1-2B43-4DFC-BE06-3C161127A5F1}.Debug|x64.ActiveCfg = Debug|Any CPU
		{A50624F1-2B43-4DFC-BE06-3C161127A5F1}.Debug|x86.ActiveCfg = Debug|Any CPU
		{A50624F1-2B43-4DFC-BE06-3C161127A5F1}.Release|Any CPU.ActiveCfg = Release|Any CPU
		{A50624F1-2B43-4DFC-BE06-3C161127A5F1}.Release|Any CPU.Build.0 = Release|Any CPU
		{A50624F1-2B43-4DFC-BE06-3C161127A5F1}.Release|ARM.ActiveCfg = Release|Any CPU
		{A50624F1-2B43-4DFC-BE06-3C161127A5F1}.Release|x64.ActiveCfg = Release|Any CPU
		{A50624F1-2B43-4DFC-BE06-3C161127A5F1}.Release|x86.ActiveCfg = Release|Any CPU
		{D4DFE1B4-CCC9-4B96-8A06-C0DBAFBD8DBC}.Debug|Any CPU.ActiveCfg = Debug|Any CPU
		{D4DFE1B4-CCC9-4B96-8A06-C0DBAFBD8DBC}.Debug|Any CPU.Build.0 = Debug|Any CPU
		{D4DFE1B4-CCC9-4B96-8A06-C0DBAFBD8DBC}.Debug|Any CPU.Deploy.0 = Debug|Any CPU
		{D4DFE1B4-CCC9-4B96-8A06-C0DBAFBD8DBC}.Debug|ARM.ActiveCfg = Debug|ARM
		{D4DFE1B4-CCC9-4B96-8A06-C0DBAFBD8DBC}.Debug|ARM.Build.0 = Debug|ARM
		{D4DFE1B4-CCC9-4B96-8A06-C0DBAFBD8DBC}.Debug|ARM.Deploy.0 = Debug|ARM
		{D4DFE1B4-CCC9-4B96-8A06-C0DBAFBD8DBC}.Debug|x64.ActiveCfg = Debug|x64
		{D4DFE1B4-CCC9-4B96-8A06-C0DBAFBD8DBC}.Debug|x64.Build.0 = Debug|x64
		{D4DFE1B4-CCC9-4B96-8A06-C0DBAFBD8DBC}.Debug|x64.Deploy.0 = Debug|x64
		{D4DFE1B4-CCC9-4B96-8A06-C0DBAFBD8DBC}.Debug|x86.ActiveCfg = Debug|x86
		{D4DFE1B4-CCC9-4B96-8A06-C0DBAFBD8DBC}.Debug|x86.Build.0 = Debug|x86
		{D4DFE1B4-CCC9-4B96-8A06-C0DBAFBD8DBC}.Debug|x86.Deploy.0 = Debug|x86
		{D4DFE1B4-CCC9-4B96-8A06-C0DBAFBD8DBC}.Release|Any CPU.ActiveCfg = Release|Any CPU
		{D4DFE1B4-CCC9-4B96-8A06-C0DBAFBD8DBC}.Release|Any CPU.Build.0 = Release|Any CPU
		{D4DFE1B4-CCC9-4B96-8A06-C0DBAFBD8DBC}.Release|Any CPU.Deploy.0 = Release|Any CPU
		{D4DFE1B4-CCC9-4B96-8A06-C0DBAFBD8DBC}.Release|ARM.ActiveCfg = Release|ARM
		{D4DFE1B4-CCC9-4B96-8A06-C0DBAFBD8DBC}.Release|ARM.Build.0 = Release|ARM
		{D4DFE1B4-CCC9-4B96-8A06-C0DBAFBD8DBC}.Release|ARM.Deploy.0 = Release|ARM
		{D4DFE1B4-CCC9-4B96-8A06-C0DBAFBD8DBC}.Release|x64.ActiveCfg = Release|x64
		{D4DFE1B4-CCC9-4B96-8A06-C0DBAFBD8DBC}.Release|x64.Build.0 = Release|x64
		{D4DFE1B4-CCC9-4B96-8A06-C0DBAFBD8DBC}.Release|x64.Deploy.0 = Release|x64
		{D4DFE1B4-CCC9-4B96-8A06-C0DBAFBD8DBC}.Release|x86.ActiveCfg = Release|x86
		{D4DFE1B4-CCC9-4B96-8A06-C0DBAFBD8DBC}.Release|x86.Build.0 = Release|x86
		{D4DFE1B4-CCC9-4B96-8A06-C0DBAFBD8DBC}.Release|x86.Deploy.0 = Release|x86
		{5AE156BF-8669-4D07-847E-B4AF98AF52DC}.Debug|Any CPU.ActiveCfg = Debug|Any CPU
		{5AE156BF-8669-4D07-847E-B4AF98AF52DC}.Debug|Any CPU.Build.0 = Debug|Any CPU
		{5AE156BF-8669-4D07-847E-B4AF98AF52DC}.Debug|Any CPU.Deploy.0 = Debug|Any CPU
		{5AE156BF-8669-4D07-847E-B4AF98AF52DC}.Debug|ARM.ActiveCfg = Debug|ARM
		{5AE156BF-8669-4D07-847E-B4AF98AF52DC}.Debug|ARM.Build.0 = Debug|ARM
		{5AE156BF-8669-4D07-847E-B4AF98AF52DC}.Debug|ARM.Deploy.0 = Debug|ARM
		{5AE156BF-8669-4D07-847E-B4AF98AF52DC}.Debug|x64.ActiveCfg = Debug|Any CPU
		{5AE156BF-8669-4D07-847E-B4AF98AF52DC}.Debug|x86.ActiveCfg = Debug|x86
		{5AE156BF-8669-4D07-847E-B4AF98AF52DC}.Debug|x86.Build.0 = Debug|x86
		{5AE156BF-8669-4D07-847E-B4AF98AF52DC}.Debug|x86.Deploy.0 = Debug|x86
		{5AE156BF-8669-4D07-847E-B4AF98AF52DC}.Release|Any CPU.ActiveCfg = Release|Any CPU
		{5AE156BF-8669-4D07-847E-B4AF98AF52DC}.Release|Any CPU.Build.0 = Release|Any CPU
		{5AE156BF-8669-4D07-847E-B4AF98AF52DC}.Release|Any CPU.Deploy.0 = Release|Any CPU
		{5AE156BF-8669-4D07-847E-B4AF98AF52DC}.Release|ARM.ActiveCfg = Release|ARM
		{5AE156BF-8669-4D07-847E-B4AF98AF52DC}.Release|ARM.Build.0 = Release|ARM
		{5AE156BF-8669-4D07-847E-B4AF98AF52DC}.Release|ARM.Deploy.0 = Release|ARM
		{5AE156BF-8669-4D07-847E-B4AF98AF52DC}.Release|x64.ActiveCfg = Release|Any CPU
		{5AE156BF-8669-4D07-847E-B4AF98AF52DC}.Release|x86.ActiveCfg = Release|x86
		{5AE156BF-8669-4D07-847E-B4AF98AF52DC}.Release|x86.Build.0 = Release|x86
		{5AE156BF-8669-4D07-847E-B4AF98AF52DC}.Release|x86.Deploy.0 = Release|x86
		{F3F53AF0-6629-4546-8107-D7F65B84E1B3}.Debug|Any CPU.ActiveCfg = Debug|Any CPU
		{F3F53AF0-6629-4546-8107-D7F65B84E1B3}.Debug|Any CPU.Build.0 = Debug|Any CPU
		{F3F53AF0-6629-4546-8107-D7F65B84E1B3}.Debug|Any CPU.Deploy.0 = Debug|Any CPU
		{F3F53AF0-6629-4546-8107-D7F65B84E1B3}.Debug|ARM.ActiveCfg = Debug|ARM
		{F3F53AF0-6629-4546-8107-D7F65B84E1B3}.Debug|ARM.Build.0 = Debug|ARM
		{F3F53AF0-6629-4546-8107-D7F65B84E1B3}.Debug|ARM.Deploy.0 = Debug|ARM
		{F3F53AF0-6629-4546-8107-D7F65B84E1B3}.Debug|x64.ActiveCfg = Debug|x64
		{F3F53AF0-6629-4546-8107-D7F65B84E1B3}.Debug|x64.Build.0 = Debug|x64
		{F3F53AF0-6629-4546-8107-D7F65B84E1B3}.Debug|x64.Deploy.0 = Debug|x64
		{F3F53AF0-6629-4546-8107-D7F65B84E1B3}.Debug|x86.ActiveCfg = Debug|x86
		{F3F53AF0-6629-4546-8107-D7F65B84E1B3}.Debug|x86.Build.0 = Debug|x86
		{F3F53AF0-6629-4546-8107-D7F65B84E1B3}.Debug|x86.Deploy.0 = Debug|x86
		{F3F53AF0-6629-4546-8107-D7F65B84E1B3}.Release|Any CPU.ActiveCfg = Release|Any CPU
		{F3F53AF0-6629-4546-8107-D7F65B84E1B3}.Release|Any CPU.Build.0 = Release|Any CPU
		{F3F53AF0-6629-4546-8107-D7F65B84E1B3}.Release|Any CPU.Deploy.0 = Release|Any CPU
		{F3F53AF0-6629-4546-8107-D7F65B84E1B3}.Release|ARM.ActiveCfg = Release|ARM
		{F3F53AF0-6629-4546-8107-D7F65B84E1B3}.Release|ARM.Build.0 = Release|ARM
		{F3F53AF0-6629-4546-8107-D7F65B84E1B3}.Release|ARM.Deploy.0 = Release|ARM
		{F3F53AF0-6629-4546-8107-D7F65B84E1B3}.Release|x64.ActiveCfg = Release|x64
		{F3F53AF0-6629-4546-8107-D7F65B84E1B3}.Release|x64.Build.0 = Release|x64
		{F3F53AF0-6629-4546-8107-D7F65B84E1B3}.Release|x64.Deploy.0 = Release|x64
		{F3F53AF0-6629-4546-8107-D7F65B84E1B3}.Release|x86.ActiveCfg = Release|x86
		{F3F53AF0-6629-4546-8107-D7F65B84E1B3}.Release|x86.Build.0 = Release|x86
		{F3F53AF0-6629-4546-8107-D7F65B84E1B3}.Release|x86.Deploy.0 = Release|x86
		{542590E0-BE80-46D6-BAD3-FFF4A24DB398}.Debug|Any CPU.ActiveCfg = Debug|Any CPU
		{542590E0-BE80-46D6-BAD3-FFF4A24DB398}.Debug|Any CPU.Build.0 = Debug|Any CPU
		{542590E0-BE80-46D6-BAD3-FFF4A24DB398}.Debug|Any CPU.Deploy.0 = Debug|Any CPU
		{542590E0-BE80-46D6-BAD3-FFF4A24DB398}.Debug|ARM.ActiveCfg = Debug|ARM
		{542590E0-BE80-46D6-BAD3-FFF4A24DB398}.Debug|ARM.Build.0 = Debug|ARM
		{542590E0-BE80-46D6-BAD3-FFF4A24DB398}.Debug|ARM.Deploy.0 = Debug|ARM
		{542590E0-BE80-46D6-BAD3-FFF4A24DB398}.Debug|x64.ActiveCfg = Debug|Any CPU
		{542590E0-BE80-46D6-BAD3-FFF4A24DB398}.Debug|x86.ActiveCfg = Debug|x86
		{542590E0-BE80-46D6-BAD3-FFF4A24DB398}.Debug|x86.Build.0 = Debug|x86
		{542590E0-BE80-46D6-BAD3-FFF4A24DB398}.Debug|x86.Deploy.0 = Debug|x86
		{542590E0-BE80-46D6-BAD3-FFF4A24DB398}.Release|Any CPU.ActiveCfg = Release|Any CPU
		{542590E0-BE80-46D6-BAD3-FFF4A24DB398}.Release|Any CPU.Build.0 = Release|Any CPU
		{542590E0-BE80-46D6-BAD3-FFF4A24DB398}.Release|Any CPU.Deploy.0 = Release|Any CPU
		{542590E0-BE80-46D6-BAD3-FFF4A24DB398}.Release|ARM.ActiveCfg = Release|ARM
		{542590E0-BE80-46D6-BAD3-FFF4A24DB398}.Release|ARM.Build.0 = Release|ARM
		{542590E0-BE80-46D6-BAD3-FFF4A24DB398}.Release|ARM.Deploy.0 = Release|ARM
		{542590E0-BE80-46D6-BAD3-FFF4A24DB398}.Release|x64.ActiveCfg = Release|Any CPU
		{542590E0-BE80-46D6-BAD3-FFF4A24DB398}.Release|x86.ActiveCfg = Release|x86
		{542590E0-BE80-46D6-BAD3-FFF4A24DB398}.Release|x86.Build.0 = Release|x86
		{542590E0-BE80-46D6-BAD3-FFF4A24DB398}.Release|x86.Deploy.0 = Release|x86
	EndGlobalSection
	GlobalSection(SolutionProperties) = preSolution
		HideSolutionNode = FALSE
	EndGlobalSection
	GlobalSection(NestedProjects) = preSolution
		{38DD48CC-4E37-4699-9B3D-B360947127E2} = {C566DD6D-7C07-4ACB-A261-D6F8D0B55B0D}
		{D4DFE1B4-CCC9-4B96-8A06-C0DBAFBD8DBC} = {C566DD6D-7C07-4ACB-A261-D6F8D0B55B0D}
		{5AE156BF-8669-4D07-847E-B4AF98AF52DC} = {C566DD6D-7C07-4ACB-A261-D6F8D0B55B0D}
		{76673857-9D52-4CD5-9D26-06817AE73591} = {4BEF3DF7-8006-4216-9527-DA90D58CC325}
		{F3F53AF0-6629-4546-8107-D7F65B84E1B3} = {4BEF3DF7-8006-4216-9527-DA90D58CC325}
		{542590E0-BE80-46D6-BAD3-FFF4A24DB398} = {4BEF3DF7-8006-4216-9527-DA90D58CC325}
	EndGlobalSection
EndGlobal
